{
  "version": 4,
  "terraform_version": "1.4.4",
  "serial": 1,
  "lineage": "d97ebd5e-0465-09e7-7970-794d160301a5",
  "outputs": {},
  "resources": [
    {
      "mode": "managed",
      "type": "local_file",
      "name": "terraform_test",
      "provider": "provider[\"registry.terraform.io/hashicorp/local\"]",
      "instances": [
        {
          "schema_version": 0,
          "attributes": {
            "content": "This is first terraform file",
            "content_base64": null,
            "content_base64sha256": "LCejpFQcg7FEwv6En7mI2V2Cl47iXohO60unw3xDE+s=",
            "content_base64sha512": "yHy5ViUk4b5/cQ8IGHhm/9FlzGzqhr/hc38lW3T/FqWHBI1yqyUPqnxe30YxT0i8qvMD5ea6A0QGY8O6vprazA==",
            "content_md5": "385d7505f2a31652f907d3f9b81ca598",
            "content_sha1": "dc698c9d10a15d50d3745383006cadaa7b636857",
            "content_sha256": "2c27a3a4541c83b144c2fe849fb988d95d82978ee25e884eeb4ba7c37c4313eb",
            "content_sha512": "c87cb9562524e1be7f710f08187866ffd165cc6cea86bfe1737f255b74ff16a587048d72ab250faa7c5edf46314f48bcaaf303e5e6ba03440663c3babe9adacc",
            "directory_permission": "0777",
            "file_permission": "0777",
            "filename": "/home/ec2/terraform_test.txt",
            "id": "dc698c9d10a15d50d3745383006cadaa7b636857",
            "sensitive_content": null,
            "source": null
          },
          "sensitive_attributes": []
        }
      ]
    }
  ],
  "check_results": null
}
