{
  "version": 4,
  "terraform_version": "1.4.4",
  "serial": 5,
  "lineage": "d97ebd5e-0465-09e7-7970-794d160301a5",
  "outputs": {},
  "resources": [
    {
      "mode": "managed",
      "type": "local_file",
      "name": "terraform_test",
      "provider": "provider[\"registry.terraform.io/hashicorp/local\"]",
      "instances": [
        {
          "schema_version": 0,
          "attributes": {
            "content": "This is first terraform",
            "content_base64": null,
            "content_base64sha256": "C2Gq3SnVmM0U4NvZRF22D3OOwIiuXosnEIlbQLxMv/g=",
            "content_base64sha512": "t1eN7eDd7BD+fZ4bpgyz9f1ea3YUEEV0ksh9XA8AOo9ED/MjCru9Y8Q+6GoV6QPYr0gFUSguO0RGNuUFrNohmg==",
            "content_md5": "1fdac7b7bd9738bc923b2a9be2b37474",
            "content_sha1": "8a9ee8548793b788a8427c8e0778e6b73e24c0ef",
            "content_sha256": "0b61aadd29d598cd14e0dbd9445db60f738ec088ae5e8b2710895b40bc4cbff8",
            "content_sha512": "b7578dede0ddec10fe7d9e1ba60cb3f5fd5e6b761410457492c87d5c0f003a8f440ff3230abbbd63c43ee86a15e903d8af480551282e3b444636e505acda219a",
            "directory_permission": "0777",
            "file_permission": "0777",
            "filename": "/home/ec2/terraform_test.txt",
            "id": "8a9ee8548793b788a8427c8e0778e6b73e24c0ef",
            "sensitive_content": null,
            "source": null
          },
          "sensitive_attributes": []
        }
      ]
    },
    {
      "mode": "managed",
      "type": "local_file",
      "name": "test",
      "provider": "provider[\"registry.terraform.io/hashicorp/local\"]",
      "instances": [
        {
          "schema_version": 0,
          "attributes": {
            "content": "This is second file",
            "content_base64": null,
            "content_base64sha256": "t5ODq/grG/BpUL/YyDPVp6UkMYMpiJjxFqVmxw3dtQU=",
            "content_base64sha512": "QhahQa63h9SViQz818awS0CT18ojl47asgM/ak5ceJJvYIRSl8RGyA4VE3sizyiQVFb47pE2cyxPMtUCVA6+wQ==",
            "content_md5": "c537cb6024aae5dbb02a107ad20ba860",
            "content_sha1": "ee5da8102d927eff78053c74b5238475b79cd9c9",
            "content_sha256": "b79383abf82b1bf06950bfd8c833d5a7a5243183298898f116a566c70dddb505",
            "content_sha512": "4216a141aeb787d495890cfcd7c6b04b4093d7ca23978edab2033f6a4e5c78926f60845297c446c80e15137b22cf28905456f8ee9136732c4f32d502540ebec1",
            "directory_permission": "0777",
            "file_permission": "0777",
            "filename": "/home/ec2/test2.txt",
            "id": "ee5da8102d927eff78053c74b5238475b79cd9c9",
            "sensitive_content": null,
            "source": null
          },
          "sensitive_attributes": []
        }
      ]
    }
  ],
  "check_results": null
}
